
Microsoft Visual Studio Solution File, Format Version 12.00
# Visual Studio 15
VisualStudioVersion = 15.0.26228.4
MinimumVisualStudioVersion = 10.0.40219.1
Project("{FAE04EC0-301F-11D3-BF4B-00C04F79EFBC}") = "Web", "Web\Web.csproj", "{990377B3-365C-447D-9B66-5C374D923BBC}"
EndProject
Project("{FAE04EC0-301F-11D3-BF4B-00C04F79EFBC}") = "Dal", "Dal\Dal.csproj", "{54F6346C-5CBA-4923-8EB9-48719EE76A51}"
EndProject
Global
	GlobalSection(SolutionConfigurationPlatforms) = preSolution
		Debug|Any CPU = Debug|Any CPU
		Debug|x64 = Debug|x64
		Debug|x86 = Debug|x86
		Release|Any CPU = Release|Any CPU
		Release|x64 = Release|x64
		Release|x86 = Release|x86
	EndGlobalSection
	GlobalSection(ProjectConfigurationPlatforms) = postSolution
		{990377B3-365C-447D-9B66-5C374D923BBC}.Debug|Any CPU.ActiveCfg = Debug|Any CPU
		{990377B3-365C-447D-9B66-5C374D923BBC}.Debug|Any CPU.Build.0 = Debug|Any CPU
		{990377B3-365C-447D-9B66-5C374D923BBC}.Debug|x64.ActiveCfg = Debug|Any CPU
		{990377B3-365C-447D-9B66-5C374D923BBC}.Debug|x64.Build.0 = Debug|Any CPU
		{990377B3-365C-447D-9B66-5C374D923BBC}.Debug|x86.ActiveCfg = Debug|Any CPU
		{990377B3-365C-447D-9B66-5C374D923BBC}.Debug|x86.Build.0 = Debug|Any CPU
		{990377B3-365C-447D-9B66-5C374D923BBC}.Release|Any CPU.ActiveCfg = Release|Any CPU
		{990377B3-365C-447D-9B66-5C374D923BBC}.Release|Any CPU.Build.0 = Release|Any CPU
		{990377B3-365C-447D-9B66-5C374D923BBC}.Release|x64.ActiveCfg = Release|Any CPU
		{990377B3-365C-447D-9B66-5C374D923BBC}.Release|x64.Build.0 = Release|Any CPU
		{990377B3-365C-447D-9B66-5C374D923BBC}.Release|x86.ActiveCfg = Release|Any CPU
		{990377B3-365C-447D-9B66-5C374D923BBC}.Release|x86.Build.0 = Release|Any CPU
		{54F6346C-5CBA-4923-8EB9-48719EE76A51}.Debug|Any CPU.ActiveCfg = Debug|Any CPU
		{54F6346C-5CBA-4923-8EB9-48719EE76A51}.Debug|Any CPU.Build.0 = Debug|Any CPU
		{54F6346C-5CBA-4923-8EB9-48719EE76A51}.Debug|x64.ActiveCfg = Debug|Any CPU
		{54F6346C-5CBA-4923-8EB9-48719EE76A51}.Debug|x64.Build.0 = Debug|Any CPU
		{54F6346C-5CBA-4923-8EB9-48719EE76A51}.Debug|x86.ActiveCfg = Debug|Any CPU
		{54F6346C-5CBA-4923-8EB9-48719EE76A51}.Debug|x86.Build.0 = Debug|Any CPU
		{54F6346C-5CBA-4923-8EB9-48719EE76A51}.Release|Any CPU.ActiveCfg = Release|Any CPU
		{54F6346C-5CBA-4923-8EB9-48719EE76A51}.Release|Any CPU.Build.0 = Release|Any CPU
		{54F6346C-5CBA-4923-8EB9-48719EE76A51}.Release|x64.ActiveCfg = Release|Any CPU
		{54F6346C-5CBA-4923-8EB9-48719EE76A51}.Release|x64.Build.0 = Release|Any CPU
		{54F6346C-5CBA-4923-8EB9-48719EE76A51}.Release|x86.ActiveCfg = Release|Any CPU
		{54F6346C-5CBA-4923-8EB9-48719EE76A51}.Release|x86.Build.0 = Release|Any CPU
	EndGlobalSection
	GlobalSection(SolutionProperties) = preSolution
		HideSolutionNode = FALSE
	EndGlobalSection
EndGlobal
